// !$*UTF8*$!
{
	archiveVersion = 1;
	classes = {
	};
	objectVersion = 50;
	objects = {

/* Begin PBXBuildFile section */
		3B2653752192160A0004CFE1 /* AppDelegate.swift in Sources */ = {isa = PBXBuildFile; fileRef = 3B2653742192160A0004CFE1 /* AppDelegate.swift */; };
		3B26537A2192160A0004CFE1 /* Main.storyboard in Resources */ = {isa = PBXBuildFile; fileRef = 3B2653782192160A0004CFE1 /* Main.storyboard */; };
		3B26537C2192160A0004CFE1 /* Assets.xcassets in Resources */ = {isa = PBXBuildFile; fileRef = 3B26537B2192160A0004CFE1 /* Assets.xcassets */; };
		3B26537F2192160A0004CFE1 /* LaunchScreen.storyboard in Resources */ = {isa = PBXBuildFile; fileRef = 3B26537D2192160A0004CFE1 /* LaunchScreen.storyboard */; };
		3B26538D21921AA30004CFE1 /* Player.swift in Sources */ = {isa = PBXBuildFile; fileRef = 3B26538C21921AA30004CFE1 /* Player.swift */; };
		3B26538F21921AC70004CFE1 /* Tournament.swift in Sources */ = {isa = PBXBuildFile; fileRef = 3B26538E21921AC70004CFE1 /* Tournament.swift */; };
		3B26539121921AE60004CFE1 /* Round.swift in Sources */ = {isa = PBXBuildFile; fileRef = 3B26539021921AE60004CFE1 /* Round.swift */; };
		3B26539321921B380004CFE1 /* RoundNames.swift in Sources */ = {isa = PBXBuildFile; fileRef = 3B26539221921B370004CFE1 /* RoundNames.swift */; };
		3B26539521921C2F0004CFE1 /* TournamentController.swift in Sources */ = {isa = PBXBuildFile; fileRef = 3B26539421921C2F0004CFE1 /* TournamentController.swift */; };
		3B26539721921CF70004CFE1 /* MainViewController.swift in Sources */ = {isa = PBXBuildFile; fileRef = 3B26539621921CF70004CFE1 /* MainViewController.swift */; };
		3B265399219233720004CFE1 /* TournamentCollectionViewCell.swift in Sources */ = {isa = PBXBuildFile; fileRef = 3B265398219233720004CFE1 /* TournamentCollectionViewCell.swift */; };
		3B26539B219247630004CFE1 /* CreateTournamentViewController.swift in Sources */ = {isa = PBXBuildFile; fileRef = 3B26539A219247630004CFE1 /* CreateTournamentViewController.swift */; };
		3B26539E2192614C0004CFE1 /* SelfSizingTableViews.swift in Sources */ = {isa = PBXBuildFile; fileRef = 3B26539D2192614C0004CFE1 /* SelfSizingTableViews.swift */; };
		3B2653A0219265030004CFE1 /* ChampionViewController.swift in Sources */ = {isa = PBXBuildFile; fileRef = 3B26539F219265030004CFE1 /* ChampionViewController.swift */; };
		3B2653A22192655D0004CFE1 /* GameCollectionViewController.swift in Sources */ = {isa = PBXBuildFile; fileRef = 3B2653A12192655D0004CFE1 /* GameCollectionViewController.swift */; };
		3B2653A6219295FA0004CFE1 /* CustomViewWithRoundedCorners.swift in Sources */ = {isa = PBXBuildFile; fileRef = 3B2653A5219295FA0004CFE1 /* CustomViewWithRoundedCorners.swift */; };
		3B2653A821935F3C0004CFE1 /* PlayerCustomTableViewCell.swift in Sources */ = {isa = PBXBuildFile; fileRef = 3B2653A721935F3C0004CFE1 /* PlayerCustomTableViewCell.swift */; };
		3BECF05B2194BE5800EF7CF6 /* TournamentCustomTableViewCell.swift in Sources */ = {isa = PBXBuildFile; fileRef = 3BECF05A2194BE5800EF7CF6 /* TournamentCustomTableViewCell.swift */; };
		3BECF05D2194DC8200EF7CF6 /* RoundedButton.swift in Sources */ = {isa = PBXBuildFile; fileRef = 3BECF05C2194DC8200EF7CF6 /* RoundedButton.swift */; };
		3BECF05F2194EDFE00EF7CF6 /* PlayerController.swift in Sources */ = {isa = PBXBuildFile; fileRef = 3BECF05E2194EDFE00EF7CF6 /* PlayerController.swift */; };
		3BECF06121953FDF00EF7CF6 /* ResolveTieViewController.swift in Sources */ = {isa = PBXBuildFile; fileRef = 3BECF06021953FDF00EF7CF6 /* ResolveTieViewController.swift */; };
		3BECF0632196434400EF7CF6 /* UITextFieldExtension.swift in Sources */ = {isa = PBXBuildFile; fileRef = 3BECF0622196434400EF7CF6 /* UITextFieldExtension.swift */; };
/* End PBXBuildFile section */

/* Begin PBXFileReference section */
		3B2653712192160A0004CFE1 /* TournamentApplication.app */ = {isa = PBXFileReference; explicitFileType = wrapper.application; includeInIndex = 0; path = TournamentApplication.app; sourceTree = BUILT_PRODUCTS_DIR; };
		3B2653742192160A0004CFE1 /* AppDelegate.swift */ = {isa = PBXFileReference; lastKnownFileType = sourcecode.swift; path = AppDelegate.swift; sourceTree = "<group>"; };
		3B2653792192160A0004CFE1 /* Base */ = {isa = PBXFileReference; lastKnownFileType = file.storyboard; name = Base; path = Base.lproj/Main.storyboard; sourceTree = "<group>"; };
		3B26537B2192160A0004CFE1 /* Assets.xcassets */ = {isa = PBXFileReference; lastKnownFileType = folder.assetcatalog; path = Assets.xcassets; sourceTree = "<group>"; };
		3B26537E2192160A0004CFE1 /* Base */ = {isa = PBXFileReference; lastKnownFileType = file.storyboard; name = Base; path = Base.lproj/LaunchScreen.storyboard; sourceTree = "<group>"; };
		3B2653802192160A0004CFE1 /* Info.plist */ = {isa = PBXFileReference; lastKnownFileType = text.plist.xml; path = Info.plist; sourceTree = "<group>"; };
		3B26538C21921AA30004CFE1 /* Player.swift */ = {isa = PBXFileReference; lastKnownFileType = sourcecode.swift; path = Player.swift; sourceTree = "<group>"; };
		3B26538E21921AC70004CFE1 /* Tournament.swift */ = {isa = PBXFileReference; lastKnownFileType = sourcecode.swift; path = Tournament.swift; sourceTree = "<group>"; };
		3B26539021921AE60004CFE1 /* Round.swift */ = {isa = PBXFileReference; lastKnownFileType = sourcecode.swift; path = Round.swift; sourceTree = "<group>"; };
		3B26539221921B370004CFE1 /* RoundNames.swift */ = {isa = PBXFileReference; lastKnownFileType = sourcecode.swift; path = RoundNames.swift; sourceTree = "<group>"; };
		3B26539421921C2F0004CFE1 /* TournamentController.swift */ = {isa = PBXFileReference; lastKnownFileType = sourcecode.swift; path = TournamentController.swift; sourceTree = "<group>"; };
		3B26539621921CF70004CFE1 /* MainViewController.swift */ = {isa = PBXFileReference; lastKnownFileType = sourcecode.swift; path = MainViewController.swift; sourceTree = "<group>"; };
		3B265398219233720004CFE1 /* TournamentCollectionViewCell.swift */ = {isa = PBXFileReference; lastKnownFileType = sourcecode.swift; path = TournamentCollectionViewCell.swift; sourceTree = "<group>"; };
		3B26539A219247630004CFE1 /* CreateTournamentViewController.swift */ = {isa = PBXFileReference; lastKnownFileType = sourcecode.swift; path = CreateTournamentViewController.swift; sourceTree = "<group>"; };
		3B26539D2192614C0004CFE1 /* SelfSizingTableViews.swift */ = {isa = PBXFileReference; lastKnownFileType = sourcecode.swift; path = SelfSizingTableViews.swift; sourceTree = "<group>"; };
		3B26539F219265030004CFE1 /* ChampionViewController.swift */ = {isa = PBXFileReference; lastKnownFileType = sourcecode.swift; path = ChampionViewController.swift; sourceTree = "<group>"; };
		3B2653A12192655D0004CFE1 /* GameCollectionViewController.swift */ = {isa = PBXFileReference; lastKnownFileType = sourcecode.swift; path = GameCollectionViewController.swift; sourceTree = "<group>"; };
		3B2653A5219295FA0004CFE1 /* CustomViewWithRoundedCorners.swift */ = {isa = PBXFileReference; lastKnownFileType = sourcecode.swift; path = CustomViewWithRoundedCorners.swift; sourceTree = "<group>"; };
		3B2653A721935F3C0004CFE1 /* PlayerCustomTableViewCell.swift */ = {isa = PBXFileReference; lastKnownFileType = sourcecode.swift; path = PlayerCustomTableViewCell.swift; sourceTree = "<group>"; };
		3BECF05A2194BE5800EF7CF6 /* TournamentCustomTableViewCell.swift */ = {isa = PBXFileReference; lastKnownFileType = sourcecode.swift; path = TournamentCustomTableViewCell.swift; sourceTree = "<group>"; };
		3BECF05C2194DC8200EF7CF6 /* RoundedButton.swift */ = {isa = PBXFileReference; lastKnownFileType = sourcecode.swift; path = RoundedButton.swift; sourceTree = "<group>"; };
		3BECF05E2194EDFE00EF7CF6 /* PlayerController.swift */ = {isa = PBXFileReference; lastKnownFileType = sourcecode.swift; path = PlayerController.swift; sourceTree = "<group>"; };
		3BECF06021953FDF00EF7CF6 /* ResolveTieViewController.swift */ = {isa = PBXFileReference; lastKnownFileType = sourcecode.swift; path = ResolveTieViewController.swift; sourceTree = "<group>"; };
		3BECF0622196434400EF7CF6 /* UITextFieldExtension.swift */ = {isa = PBXFileReference; lastKnownFileType = sourcecode.swift; path = UITextFieldExtension.swift; sourceTree = "<group>"; };
/* End PBXFileReference section */

/* Begin PBXFrameworksBuildPhase section */
		3B26536E2192160A0004CFE1 /* Frameworks */ = {
			isa = PBXFrameworksBuildPhase;
			buildActionMask = 2147483647;
			files = (
			);
			runOnlyForDeploymentPostprocessing = 0;
		};
/* End PBXFrameworksBuildPhase section */

/* Begin PBXGroup section */
		3B265368219216090004CFE1 = {
			isa = PBXGroup;
			children = (
				3B2653732192160A0004CFE1 /* TournamentApplication */,
				3B2653722192160A0004CFE1 /* Products */,
			);
			sourceTree = "<group>";
		};
		3B2653722192160A0004CFE1 /* Products */ = {
			isa = PBXGroup;
			children = (
				3B2653712192160A0004CFE1 /* TournamentApplication.app */,
			);
			name = Products;
			sourceTree = "<group>";
		};
		3B2653732192160A0004CFE1 /* TournamentApplication */ = {
			isa = PBXGroup;
			children = (
				3B26539C2192612A0004CFE1 /* SubclassesAndExtensions */,
				3B26538B21921A600004CFE1 /* Models */,
				3B26538A21921A570004CFE1 /* ModelController */,
				3B26538921921A500004CFE1 /* Views */,
				3B26538821921A450004CFE1 /* ViewControlles */,
				3B26538721921A360004CFE1 /* StoryBorads */,
				3B26538621921A1F0004CFE1 /* Resources */,
			);
			path = TournamentApplication;
			sourceTree = "<group>";
		};
		3B26538621921A1F0004CFE1 /* Resources */ = {
			isa = PBXGroup;
			children = (
				3B2653742192160A0004CFE1 /* AppDelegate.swift */,
				3B26537D2192160A0004CFE1 /* LaunchScreen.storyboard */,
				3B26537B2192160A0004CFE1 /* Assets.xcassets */,
				3B2653802192160A0004CFE1 /* Info.plist */,
			);
			path = Resources;
			sourceTree = "<group>";
		};
		3B26538721921A360004CFE1 /* StoryBorads */ = {
			isa = PBXGroup;
			children = (
				3B2653782192160A0004CFE1 /* Main.storyboard */,
			);
			path = StoryBorads;
			sourceTree = "<group>";
		};
		3B26538821921A450004CFE1 /* ViewControlles */ = {
			isa = PBXGroup;
			children = (
				3B26539621921CF70004CFE1 /* MainViewController.swift */,
				3B26539A219247630004CFE1 /* CreateTournamentViewController.swift */,
				3B26539F219265030004CFE1 /* ChampionViewController.swift */,
				3B2653A12192655D0004CFE1 /* GameCollectionViewController.swift */,
				3BECF06021953FDF00EF7CF6 /* ResolveTieViewController.swift */,
			);
			path = ViewControlles;
			sourceTree = "<group>";
		};
		3B26538921921A500004CFE1 /* Views */ = {
			isa = PBXGroup;
			children = (
				3B2653A721935F3C0004CFE1 /* PlayerCustomTableViewCell.swift */,
				3BECF05A2194BE5800EF7CF6 /* TournamentCustomTableViewCell.swift */,
				3B265398219233720004CFE1 /* TournamentCollectionViewCell.swift */,
			);
			path = Views;
			sourceTree = "<group>";
		};
		3B26538A21921A570004CFE1 /* ModelController */ = {
			isa = PBXGroup;
			children = (
				3B26539421921C2F0004CFE1 /* TournamentController.swift */,
				3BECF05E2194EDFE00EF7CF6 /* PlayerController.swift */,
			);
			path = ModelController;
			sourceTree = "<group>";
		};
		3B26538B21921A600004CFE1 /* Models */ = {
			isa = PBXGroup;
			children = (
				3B26538C21921AA30004CFE1 /* Player.swift */,
				3B26538E21921AC70004CFE1 /* Tournament.swift */,
				3B26539021921AE60004CFE1 /* Round.swift */,
				3B26539221921B370004CFE1 /* RoundNames.swift */,
			);
			path = Models;
			sourceTree = "<group>";
		};
		3B26539C2192612A0004CFE1 /* SubclassesAndExtensions */ = {
			isa = PBXGroup;
			children = (
				3B26539D2192614C0004CFE1 /* SelfSizingTableViews.swift */,
				3B2653A5219295FA0004CFE1 /* CustomViewWithRoundedCorners.swift */,
				3BECF05C2194DC8200EF7CF6 /* RoundedButton.swift */,
				3BECF0622196434400EF7CF6 /* UITextFieldExtension.swift */,
			);
			path = SubclassesAndExtensions;
			sourceTree = "<group>";
		};
/* End PBXGroup section */

/* Begin PBXNativeTarget section */
		3B2653702192160A0004CFE1 /* TournamentApplication */ = {
			isa = PBXNativeTarget;
			buildConfigurationList = 3B2653832192160A0004CFE1 /* Build configuration list for PBXNativeTarget "TournamentApplication" */;
			buildPhases = (
				3B26536D2192160A0004CFE1 /* Sources */,
				3B26536E2192160A0004CFE1 /* Frameworks */,
				3B26536F2192160A0004CFE1 /* Resources */,
			);
			buildRules = (
			);
			dependencies = (
			);
			name = TournamentApplication;
			productName = TournamentApplication;
			productReference = 3B2653712192160A0004CFE1 /* TournamentApplication.app */;
			productType = "com.apple.product-type.application";
		};
/* End PBXNativeTarget section */

/* Begin PBXProject section */
		3B265369219216090004CFE1 /* Project object */ = {
			isa = PBXProject;
			attributes = {
				LastSwiftUpdateCheck = 1000;
				LastUpgradeCheck = 1000;
				ORGANIZATIONNAME = "Kamil Wrobel";
				TargetAttributes = {
					3B2653702192160A0004CFE1 = {
						CreatedOnToolsVersion = 10.0;
					};
				};
			};
			buildConfigurationList = 3B26536C219216090004CFE1 /* Build configuration list for PBXProject "TournamentApplication" */;
			compatibilityVersion = "Xcode 9.3";
			developmentRegion = en;
			hasScannedForEncodings = 0;
			knownRegions = (
				en,
				Base,
			);
			mainGroup = 3B265368219216090004CFE1;
			productRefGroup = 3B2653722192160A0004CFE1 /* Products */;
			projectDirPath = "";
			projectRoot = "";
			targets = (
				3B2653702192160A0004CFE1 /* TournamentApplication */,
			);
		};
/* End PBXProject section */

/* Begin PBXResourcesBuildPhase section */
		3B26536F2192160A0004CFE1 /* Resources */ = {
			isa = PBXResourcesBuildPhase;
			buildActionMask = 2147483647;
			files = (
				3B26537F2192160A0004CFE1 /* LaunchScreen.storyboard in Resources */,
				3B26537C2192160A0004CFE1 /* Assets.xcassets in Resources */,
				3B26537A2192160A0004CFE1 /* Main.storyboard in Resources */,
			);
			runOnlyForDeploymentPostprocessing = 0;
		};
/* End PBXResourcesBuildPhase section */

/* Begin PBXSourcesBuildPhase section */
		3B26536D2192160A0004CFE1 /* Sources */ = {
			isa = PBXSourcesBuildPhase;
			buildActionMask = 2147483647;
			files = (
				3B26539B219247630004CFE1 /* CreateTournamentViewController.swift in Sources */,
				3B2653A821935F3C0004CFE1 /* PlayerCustomTableViewCell.swift in Sources */,
				3B2653A6219295FA0004CFE1 /* CustomViewWithRoundedCorners.swift in Sources */,
				3B26538F21921AC70004CFE1 /* Tournament.swift in Sources */,
				3B26538D21921AA30004CFE1 /* Player.swift in Sources */,
				3B26539E2192614C0004CFE1 /* SelfSizingTableViews.swift in Sources */,
				3B26539121921AE60004CFE1 /* Round.swift in Sources */,
				3B2653A0219265030004CFE1 /* ChampionViewController.swift in Sources */,
				3BECF06121953FDF00EF7CF6 /* ResolveTieViewController.swift in Sources */,
				3B2653A22192655D0004CFE1 /* GameCollectionViewController.swift in Sources */,
				3B26539521921C2F0004CFE1 /* TournamentController.swift in Sources */,
				3B2653752192160A0004CFE1 /* AppDelegate.swift in Sources */,
				3BECF0632196434400EF7CF6 /* UITextFieldExtension.swift in Sources */,
				3BECF05D2194DC8200EF7CF6 /* RoundedButton.swift in Sources */,
				3B265399219233720004CFE1 /* TournamentCollectionViewCell.swift in Sources */,
				3BECF05B2194BE5800EF7CF6 /* TournamentCustomTableViewCell.swift in Sources */,
				3B26539321921B380004CFE1 /* RoundNames.swift in Sources */,
				3BECF05F2194EDFE00EF7CF6 /* PlayerController.swift in Sources */,
				3B26539721921CF70004CFE1 /* MainViewController.swift in Sources */,
			);
			runOnlyForDeploymentPostprocessing = 0;
		};
/* End PBXSourcesBuildPhase section */

/* Begin PBXVariantGroup section */
		3B2653782192160A0004CFE1 /* Main.storyboard */ = {
			isa = PBXVariantGroup;
			children = (
				3B2653792192160A0004CFE1 /* Base */,
			);
			name = Main.storyboard;
			sourceTree = "<group>";
		};
		3B26537D2192160A0004CFE1 /* LaunchScreen.storyboard */ = {
			isa = PBXVariantGroup;
			children = (
				3B26537E2192160A0004CFE1 /* Base */,
			);
			name = LaunchScreen.storyboard;
			sourceTree = "<group>";
		};
/* End PBXVariantGroup section */

/* Begin XCBuildConfiguration section */
		3B2653812192160A0004CFE1 /* Debug */ = {
			isa = XCBuildConfiguration;
			buildSettings = {
				ALWAYS_SEARCH_USER_PATHS = NO;
				CLANG_ANALYZER_NONNULL = YES;
				CLANG_ANALYZER_NUMBER_OBJECT_CONVERSION = YES_AGGRESSIVE;
				CLANG_CXX_LANGUAGE_STANDARD = "gnu++14";
				CLANG_CXX_LIBRARY = "libc++";
				CLANG_ENABLE_MODULES = YES;
				CLANG_ENABLE_OBJC_ARC = YES;
				CLANG_ENABLE_OBJC_WEAK = YES;
				CLANG_WARN_BLOCK_CAPTURE_AUTORELEASING = YES;
				CLANG_WARN_BOOL_CONVERSION = YES;
				CLANG_WARN_COMMA = YES;
				CLANG_WARN_CONSTANT_CONVERSION = YES;
				CLANG_WARN_DEPRECATED_OBJC_IMPLEMENTATIONS = YES;
				CLANG_WARN_DIRECT_OBJC_ISA_USAGE = YES_ERROR;
				CLANG_WARN_DOCUMENTATION_COMMENTS = YES;
				CLANG_WARN_EMPTY_BODY = YES;
				CLANG_WARN_ENUM_CONVERSION = YES;
				CLANG_WARN_INFINITE_RECURSION = YES;
				CLANG_WARN_INT_CONVERSION = YES;
				CLANG_WARN_NON_LITERAL_NULL_CONVERSION = YES;
				CLANG_WARN_OBJC_IMPLICIT_RETAIN_SELF = YES;
				CLANG_WARN_OBJC_LITERAL_CONVERSION = YES;
				CLANG_WARN_OBJC_ROOT_CLASS = YES_ERROR;
				CLANG_WARN_RANGE_LOOP_ANALYSIS = YES;
				CLANG_WARN_STRICT_PROTOTYPES = YES;
				CLANG_WARN_SUSPICIOUS_MOVE = YES;
				CLANG_WARN_UNGUARDED_AVAILABILITY = YES_AGGRESSIVE;
				CLANG_WARN_UNREACHABLE_CODE = YES;
				CLANG_WARN__DUPLICATE_METHOD_MATCH = YES;
				CODE_SIGN_IDENTITY = "iPhone Developer";
				COPY_PHASE_STRIP = NO;
				DEBUG_INFORMATION_FORMAT = dwarf;
				ENABLE_STRICT_OBJC_MSGSEND = YES;
				ENABLE_TESTABILITY = YES;
				GCC_C_LANGUAGE_STANDARD = gnu11;
				GCC_DYNAMIC_NO_PIC = NO;
				GCC_NO_COMMON_BLOCKS = YES;
				GCC_OPTIMIZATION_LEVEL = 0;
				GCC_PREPROCESSOR_DEFINITIONS = (
					"DEBUG=1",
					"$(inherited)",
				);
				GCC_WARN_64_TO_32_BIT_CONVERSION = YES;
				GCC_WARN_ABOUT_RETURN_TYPE = YES_ERROR;
				GCC_WARN_UNDECLARED_SELECTOR = YES;
				GCC_WARN_UNINITIALIZED_AUTOS = YES_AGGRESSIVE;
				GCC_WARN_UNUSED_FUNCTION = YES;
				GCC_WARN_UNUSED_VARIABLE = YES;
				IPHONEOS_DEPLOYMENT_TARGET = 12.0;
				MTL_ENABLE_DEBUG_INFO = INCLUDE_SOURCE;
				MTL_FAST_MATH = YES;
				ONLY_ACTIVE_ARCH = YES;
				SDKROOT = iphoneos;
				SWIFT_ACTIVE_COMPILATION_CONDITIONS = DEBUG;
				SWIFT_OPTIMIZATION_LEVEL = "-Onone";
			};
			name = Debug;
		};
		3B2653822192160A0004CFE1 /* Release */ = {
			isa = XCBuildConfiguration;
			buildSettings = {
				ALWAYS_SEARCH_USER_PATHS = NO;
				CLANG_ANALYZER_NONNULL = YES;
				CLANG_ANALYZER_NUMBER_OBJECT_CONVERSION = YES_AGGRESSIVE;
				CLANG_CXX_LANGUAGE_STANDARD = "gnu++14";
				CLANG_CXX_LIBRARY = "libc++";
				CLANG_ENABLE_MODULES = YES;
				CLANG_ENABLE_OBJC_ARC = YES;
				CLANG_ENABLE_OBJC_WEAK = YES;
				CLANG_WARN_BLOCK_CAPTURE_AUTORELEASING = YES;
				CLANG_WARN_BOOL_CONVERSION = YES;
				CLANG_WARN_COMMA = YES;
				CLANG_WARN_CONSTANT_CONVERSION = YES;
				CLANG_WARN_DEPRECATED_OBJC_IMPLEMENTATIONS = YES;
				CLANG_WARN_DIRECT_OBJC_ISA_USAGE = YES_ERROR;
				CLANG_WARN_DOCUMENTATION_COMMENTS = YES;
				CLANG_WARN_EMPTY_BODY = YES;
				CLANG_WARN_ENUM_CONVERSION = YES;
				CLANG_WARN_INFINITE_RECURSION = YES;
				CLANG_WARN_INT_CONVERSION = YES;
				CLANG_WARN_NON_LITERAL_NULL_CONVERSION = YES;
				CLANG_WARN_OBJC_IMPLICIT_RETAIN_SELF = YES;
				CLANG_WARN_OBJC_LITERAL_CONVERSION = YES;
				CLANG_WARN_OBJC_ROOT_CLASS = YES_ERROR;
				CLANG_WARN_RANGE_LOOP_ANALYSIS = YES;
				CLANG_WARN_STRICT_PROTOTYPES = YES;
				CLANG_WARN_SUSPICIOUS_MOVE = YES;
				CLANG_WARN_UNGUARDED_AVAILABILITY = YES_AGGRESSIVE;
				CLANG_WARN_UNREACHABLE_CODE = YES;
				CLANG_WARN__DUPLICATE_METHOD_MATCH = YES;
				CODE_SIGN_IDENTITY = "iPhone Developer";
				COPY_PHASE_STRIP = NO;
				DEBUG_INFORMATION_FORMAT = "dwarf-with-dsym";
				ENABLE_NS_ASSERTIONS = NO;
				ENABLE_STRICT_OBJC_MSGSEND = YES;
				GCC_C_LANGUAGE_STANDARD = gnu11;
				GCC_NO_COMMON_BLOCKS = YES;
				GCC_WARN_64_TO_32_BIT_CONVERSION = YES;
				GCC_WARN_ABOUT_RETURN_TYPE = YES_ERROR;
				GCC_WARN_UNDECLARED_SELECTOR = YES;
				GCC_WARN_UNINITIALIZED_AUTOS = YES_AGGRESSIVE;
				GCC_WARN_UNUSED_FUNCTION = YES;
				GCC_WARN_UNUSED_VARIABLE = YES;
				IPHONEOS_DEPLOYMENT_TARGET = 12.0;
				MTL_ENABLE_DEBUG_INFO = NO;
				MTL_FAST_MATH = YES;
				SDKROOT = iphoneos;
				SWIFT_COMPILATION_MODE = wholemodule;
				SWIFT_OPTIMIZATION_LEVEL = "-O";
				VALIDATE_PRODUCT = YES;
			};
			name = Release;
		};
		3B2653842192160A0004CFE1 /* Debug */ = {
			isa = XCBuildConfiguration;
			buildSettings = {
				ASSETCATALOG_COMPILER_APPICON_NAME = AppIcon;
				CODE_SIGN_STYLE = Automatic;
				DEVELOPMENT_TEAM = 5EAUJPVR66;
				INFOPLIST_FILE = "$(SRCROOT)/TournamentApplication/Resources/Info.plist";
				LD_RUNPATH_SEARCH_PATHS = (
					"$(inherited)",
					"@executable_path/Frameworks",
				);
				PRODUCT_BUNDLE_IDENTIFIER = com.xwrobelekx.TournamentApplication;
				PRODUCT_NAME = "$(TARGET_NAME)";
				SWIFT_VERSION = 4.2;
				TARGETED_DEVICE_FAMILY = "1,2";
			};
			name = Debug;
		};
		3B2653852192160A0004CFE1 /* Release */ = {
			isa = XCBuildConfiguration;
			buildSettings = {
				ASSETCATALOG_COMPILER_APPICON_NAME = AppIcon;
				CODE_SIGN_STYLE = Automatic;
				DEVELOPMENT_TEAM = 5EAUJPVR66;
				INFOPLIST_FILE = "$(SRCROOT)/TournamentApplication/Resources/Info.plist";
				LD_RUNPATH_SEARCH_PATHS = (
					"$(inherited)",
					"@executable_path/Frameworks",
				);
				PRODUCT_BUNDLE_IDENTIFIER = com.xwrobelekx.TournamentApplication;
				PRODUCT_NAME = "$(TARGET_NAME)";
				SWIFT_VERSION = 4.2;
				TARGETED_DEVICE_FAMILY = "1,2";
			};
			name = Release;
		};
/* End XCBuildConfiguration section */

/* Begin XCConfigurationList section */
		3B26536C219216090004CFE1 /* Build configuration list for PBXProject "TournamentApplication" */ = {
			isa = XCConfigurationList;
			buildConfigurations = (
				3B2653812192160A0004CFE1 /* Debug */,
				3B2653822192160A0004CFE1 /* Release */,
			);
			defaultConfigurationIsVisible = 0;
			defaultConfigurationName = Release;
		};
		3B2653832192160A0004CFE1 /* Build configuration list for PBXNativeTarget "TournamentApplication" */ = {
			isa = XCConfigurationList;
			buildConfigurations = (
				3B2653842192160A0004CFE1 /* Debug */,
				3B2653852192160A0004CFE1 /* Release */,
			);
			defaultConfigurationIsVisible = 0;
			defaultConfigurationName = Release;
		};
/* End XCConfigurationList section */
	};
	rootObject = 3B265369219216090004CFE1 /* Project object */;
}
